{
  "name": "opencode",
  "lockfileVersion": 3,
  "requires": true,
  "packages": {
    "": {
      "dependencies": {
        "@opencode-ai/plugin": "1.1.43"
      }
    },
    "node_modules/@opencode-ai/plugin": {
      "version": "1.1.43",
      "resolved": "https://registry.npmjs.org/@opencode-ai/plugin/-/plugin-1.1.43.tgz",
      "integrity": "sha512-/LCMQKXCeqFB3ga9fbGw/kljcsf3clJqPw5zbtFZG1gJnJxUKDPU7h4+d7kyE3TFycjH0zSUZ7I9uA495Or09Q==",
      "license": "MIT",
      "dependencies": {
        "@opencode-ai/sdk": "1.1.43",
        "zod": "4.1.8"
      }
    },
    "node_modules/@opencode-ai/sdk": {
      "version": "1.1.43",
      "resolved": "https://registry.npmjs.org/@opencode-ai/sdk/-/sdk-1.1.43.tgz",
      "integrity": "sha512-JuZjc7anMVXHOwbsQ/vwyhu76fjMAv5DFdkE9rPNuZtU5s268ySrghVJUK/0igtZEQ/NmtnzbtEVBHgkonLZKg==",
      "license": "MIT"
    },
    "node_modules/zod": {
      "version": "4.1.8",
      "resolved": "https://registry.npmjs.org/zod/-/zod-4.1.8.tgz",
      "integrity": "sha512-5R1P+WwQqmmMIEACyzSvo4JXHY5WiAFHRMg+zBZKgKS+Q1viRa0C1hmUKtHltoIFKtIdki3pRxkmpP74jnNYHQ==",
      "license": "MIT",
      "funding": {
        "url": "https://github.com/sponsors/colinhacks"
      }
    }
  }
}
